
Microsoft Visual Studio Solution File, Format Version 12.00
# Visual Studio 2012
Project("{6989167D-11E4-40FE-8C1A-2192A86A7E90}") = "webmod_f", "webmod\webmod_f.vfproj", "{BD619FDF-A27D-4CCC-9542-C9E7BFD10DAE}"
	ProjectSection(ProjectDependencies) = postProject
		{F9C18E06-F73A-4EB0-92E0-AE1713EA7FD7} = {F9C18E06-F73A-4EB0-92E0-AE1713EA7FD7}
		{B03BAF31-B8E5-4E6B-9495-6F36503F4B0A} = {B03BAF31-B8E5-4E6B-9495-6F36503F4B0A}
		{0CA69363-AB82-4798-B54E-03B1632DB539} = {0CA69363-AB82-4798-B54E-03B1632DB539}
	EndProjectSection
EndProject
Project("{8BC9CEB8-8B4A-11D0-8D11-00A0C91BC942}") = "mmf_c", "mmf_c\mmf_c.vcxproj", "{0CA69363-AB82-4798-B54E-03B1632DB539}"
EndProject
Project("{8BC9CEB8-8B4A-11D0-8D11-00A0C91BC942}") = "IPhreeqc", "IPhreeqcMMS\IPhreeqc\IPhreeqc.MMS.vcxproj", "{F9C18E06-F73A-4EB0-92E0-AE1713EA7FD7}"
EndProject
Project("{8BC9CEB8-8B4A-11D0-8D11-00A0C91BC942}") = "IPhreeqcMMS", "IPhreeqcMMS\IPhreeqcMMS.2012.vcxproj", "{B03BAF31-B8E5-4E6B-9495-6F36503F4B0A}"
EndProject
Global
	GlobalSection(SolutionConfigurationPlatforms) = preSolution
		Debug|Win32 = Debug|Win32
		Debug|x64 = Debug|x64
		DebugDll|Win32 = DebugDll|Win32
		DebugDll|x64 = DebugDll|x64
		Intel_SSA|Win32 = Intel_SSA|Win32
		Intel_SSA|x64 = Intel_SSA|x64
		Release|Win32 = Release|Win32
		Release|x64 = Release|x64
		ReleaseDll|Win32 = ReleaseDll|Win32
		ReleaseDll|x64 = ReleaseDll|x64
	EndGlobalSection
	GlobalSection(ProjectConfigurationPlatforms) = postSolution
		{BD619FDF-A27D-4CCC-9542-C9E7BFD10DAE}.Debug|Win32.ActiveCfg = Debug|Win32
		{BD619FDF-A27D-4CCC-9542-C9E7BFD10DAE}.Debug|Win32.Build.0 = Debug|Win32
		{BD619FDF-A27D-4CCC-9542-C9E7BFD10DAE}.Debug|x64.ActiveCfg = Debug|x64
		{BD619FDF-A27D-4CCC-9542-C9E7BFD10DAE}.Debug|x64.Build.0 = Debug|x64
		{BD619FDF-A27D-4CCC-9542-C9E7BFD10DAE}.DebugDll|Win32.ActiveCfg = Debug|x64
		{BD619FDF-A27D-4CCC-9542-C9E7BFD10DAE}.DebugDll|x64.ActiveCfg = Debug|x64
		{BD619FDF-A27D-4CCC-9542-C9E7BFD10DAE}.DebugDll|x64.Build.0 = Debug|x64
		{BD619FDF-A27D-4CCC-9542-C9E7BFD10DAE}.Intel_SSA|Win32.ActiveCfg = Intel_SSA|Win32
		{BD619FDF-A27D-4CCC-9542-C9E7BFD10DAE}.Intel_SSA|Win32.Build.0 = Intel_SSA|Win32
		{BD619FDF-A27D-4CCC-9542-C9E7BFD10DAE}.Intel_SSA|x64.ActiveCfg = Intel_SSA|x64
		{BD619FDF-A27D-4CCC-9542-C9E7BFD10DAE}.Intel_SSA|x64.Build.0 = Intel_SSA|x64
		{BD619FDF-A27D-4CCC-9542-C9E7BFD10DAE}.Release|Win32.ActiveCfg = Release|Win32
		{BD619FDF-A27D-4CCC-9542-C9E7BFD10DAE}.Release|Win32.Build.0 = Release|Win32
		{BD619FDF-A27D-4CCC-9542-C9E7BFD10DAE}.Release|x64.ActiveCfg = Release|x64
		{BD619FDF-A27D-4CCC-9542-C9E7BFD10DAE}.Release|x64.Build.0 = Release|x64
		{BD619FDF-A27D-4CCC-9542-C9E7BFD10DAE}.ReleaseDll|Win32.ActiveCfg = Release|x64
		{BD619FDF-A27D-4CCC-9542-C9E7BFD10DAE}.ReleaseDll|x64.ActiveCfg = Release|x64
		{BD619FDF-A27D-4CCC-9542-C9E7BFD10DAE}.ReleaseDll|x64.Build.0 = Release|x64
		{0CA69363-AB82-4798-B54E-03B1632DB539}.Debug|Win32.ActiveCfg = Debug|Win32
		{0CA69363-AB82-4798-B54E-03B1632DB539}.Debug|Win32.Build.0 = Debug|Win32
		{0CA69363-AB82-4798-B54E-03B1632DB539}.Debug|x64.ActiveCfg = Debug|x64
		{0CA69363-AB82-4798-B54E-03B1632DB539}.Debug|x64.Build.0 = Debug|x64
		{0CA69363-AB82-4798-B54E-03B1632DB539}.DebugDll|Win32.ActiveCfg = Debug|x64
		{0CA69363-AB82-4798-B54E-03B1632DB539}.DebugDll|x64.ActiveCfg = Debug|x64
		{0CA69363-AB82-4798-B54E-03B1632DB539}.DebugDll|x64.Build.0 = Debug|x64
		{0CA69363-AB82-4798-B54E-03B1632DB539}.Intel_SSA|Win32.ActiveCfg = Release|Win32
		{0CA69363-AB82-4798-B54E-03B1632DB539}.Intel_SSA|Win32.Build.0 = Release|Win32
		{0CA69363-AB82-4798-B54E-03B1632DB539}.Intel_SSA|x64.ActiveCfg = Release|x64
		{0CA69363-AB82-4798-B54E-03B1632DB539}.Intel_SSA|x64.Build.0 = Release|x64
		{0CA69363-AB82-4798-B54E-03B1632DB539}.Release|Win32.ActiveCfg = Release|Win32
		{0CA69363-AB82-4798-B54E-03B1632DB539}.Release|Win32.Build.0 = Release|Win32
		{0CA69363-AB82-4798-B54E-03B1632DB539}.Release|x64.ActiveCfg = Release|x64
		{0CA69363-AB82-4798-B54E-03B1632DB539}.Release|x64.Build.0 = Release|x64
		{0CA69363-AB82-4798-B54E-03B1632DB539}.ReleaseDll|Win32.ActiveCfg = Release|x64
		{0CA69363-AB82-4798-B54E-03B1632DB539}.ReleaseDll|x64.ActiveCfg = Release|x64
		{0CA69363-AB82-4798-B54E-03B1632DB539}.ReleaseDll|x64.Build.0 = Release|x64
		{F9C18E06-F73A-4EB0-92E0-AE1713EA7FD7}.Debug|Win32.ActiveCfg = Debug|Win32
		{F9C18E06-F73A-4EB0-92E0-AE1713EA7FD7}.Debug|Win32.Build.0 = Debug|Win32
		{F9C18E06-F73A-4EB0-92E0-AE1713EA7FD7}.Debug|x64.ActiveCfg = Debug|x64
		{F9C18E06-F73A-4EB0-92E0-AE1713EA7FD7}.Debug|x64.Build.0 = Debug|x64
		{F9C18E06-F73A-4EB0-92E0-AE1713EA7FD7}.DebugDll|Win32.ActiveCfg = DebugDll|Win32
		{F9C18E06-F73A-4EB0-92E0-AE1713EA7FD7}.DebugDll|Win32.Build.0 = DebugDll|Win32
		{F9C18E06-F73A-4EB0-92E0-AE1713EA7FD7}.DebugDll|x64.ActiveCfg = DebugDll|x64
		{F9C18E06-F73A-4EB0-92E0-AE1713EA7FD7}.DebugDll|x64.Build.0 = DebugDll|x64
		{F9C18E06-F73A-4EB0-92E0-AE1713EA7FD7}.Intel_SSA|Win32.ActiveCfg = ReleaseDll|Win32
		{F9C18E06-F73A-4EB0-92E0-AE1713EA7FD7}.Intel_SSA|Win32.Build.0 = ReleaseDll|Win32
		{F9C18E06-F73A-4EB0-92E0-AE1713EA7FD7}.Intel_SSA|x64.ActiveCfg = ReleaseDll|x64
		{F9C18E06-F73A-4EB0-92E0-AE1713EA7FD7}.Intel_SSA|x64.Build.0 = ReleaseDll|x64
		{F9C18E06-F73A-4EB0-92E0-AE1713EA7FD7}.Release|Win32.ActiveCfg = Release|Win32
		{F9C18E06-F73A-4EB0-92E0-AE1713EA7FD7}.Release|Win32.Build.0 = Release|Win32
		{F9C18E06-F73A-4EB0-92E0-AE1713EA7FD7}.Release|x64.ActiveCfg = Release|x64
		{F9C18E06-F73A-4EB0-92E0-AE1713EA7FD7}.Release|x64.Build.0 = Release|x64
		{F9C18E06-F73A-4EB0-92E0-AE1713EA7FD7}.ReleaseDll|Win32.ActiveCfg = ReleaseDll|Win32
		{F9C18E06-F73A-4EB0-92E0-AE1713EA7FD7}.ReleaseDll|Win32.Build.0 = ReleaseDll|Win32
		{F9C18E06-F73A-4EB0-92E0-AE1713EA7FD7}.ReleaseDll|x64.ActiveCfg = ReleaseDll|x64
		{F9C18E06-F73A-4EB0-92E0-AE1713EA7FD7}.ReleaseDll|x64.Build.0 = ReleaseDll|x64
		{B03BAF31-B8E5-4E6B-9495-6F36503F4B0A}.Debug|Win32.ActiveCfg = Debug|Win32
		{B03BAF31-B8E5-4E6B-9495-6F36503F4B0A}.Debug|Win32.Build.0 = Debug|Win32
		{B03BAF31-B8E5-4E6B-9495-6F36503F4B0A}.Debug|x64.ActiveCfg = Debug|x64
		{B03BAF31-B8E5-4E6B-9495-6F36503F4B0A}.Debug|x64.Build.0 = Debug|x64
		{B03BAF31-B8E5-4E6B-9495-6F36503F4B0A}.DebugDll|Win32.ActiveCfg = Debug|Win32
		{B03BAF31-B8E5-4E6B-9495-6F36503F4B0A}.DebugDll|Win32.Build.0 = Debug|Win32
		{B03BAF31-B8E5-4E6B-9495-6F36503F4B0A}.DebugDll|x64.ActiveCfg = Debug|x64
		{B03BAF31-B8E5-4E6B-9495-6F36503F4B0A}.DebugDll|x64.Build.0 = Debug|x64
		{B03BAF31-B8E5-4E6B-9495-6F36503F4B0A}.Intel_SSA|Win32.ActiveCfg = Release|Win32
		{B03BAF31-B8E5-4E6B-9495-6F36503F4B0A}.Intel_SSA|Win32.Build.0 = Release|Win32
		{B03BAF31-B8E5-4E6B-9495-6F36503F4B0A}.Intel_SSA|x64.ActiveCfg = Release|x64
		{B03BAF31-B8E5-4E6B-9495-6F36503F4B0A}.Intel_SSA|x64.Build.0 = Release|x64
		{B03BAF31-B8E5-4E6B-9495-6F36503F4B0A}.Release|Win32.ActiveCfg = Release|Win32
		{B03BAF31-B8E5-4E6B-9495-6F36503F4B0A}.Release|Win32.Build.0 = Release|Win32
		{B03BAF31-B8E5-4E6B-9495-6F36503F4B0A}.Release|x64.ActiveCfg = Release|x64
		{B03BAF31-B8E5-4E6B-9495-6F36503F4B0A}.Release|x64.Build.0 = Release|x64
		{B03BAF31-B8E5-4E6B-9495-6F36503F4B0A}.ReleaseDll|Win32.ActiveCfg = Release|Win32
		{B03BAF31-B8E5-4E6B-9495-6F36503F4B0A}.ReleaseDll|Win32.Build.0 = Release|Win32
		{B03BAF31-B8E5-4E6B-9495-6F36503F4B0A}.ReleaseDll|x64.ActiveCfg = Release|x64
		{B03BAF31-B8E5-4E6B-9495-6F36503F4B0A}.ReleaseDll|x64.Build.0 = Release|x64
	EndGlobalSection
	GlobalSection(SolutionProperties) = preSolution
		HideSolutionNode = FALSE
	EndGlobalSection
EndGlobal
