<?xml version="1.0" encoding="utf-8"?>
<Project ToolsVersion="4.0" xmlns="http://schemas.microsoft.com/developer/msbuild/2003">
  <ItemGroup>
    <Filter Include="Source Files">
      <UniqueIdentifier>{4FC737F1-C7A5-4376-A066-2A32D752A2FF}</UniqueIdentifier>
      <Extensions>cpp;c;cc;cxx;def;odl;idl;hpj;bat;asm;asmx</Extensions>
    </Filter>
    <Filter Include="Header Files">
      <UniqueIdentifier>{93995380-89BD-4b04-88EB-625FBE52EBFB}</UniqueIdentifier>
      <Extensions>h;hpp;hxx;hm;inl;inc;xsd</Extensions>
    </Filter>
    <Filter Include="Resource Files">
      <UniqueIdentifier>{67DA6AB6-F800-4c08-8B7A-83BB121AAD01}</UniqueIdentifier>
      <Extensions>rc;ico;cur;bmp;dlg;rc2;rct;bin;rgs;gif;jpg;jpeg;jpe;resx;tiff;tif;png;wav</Extensions>
    </Filter>
  </ItemGroup>
  <ItemGroup>
    <ClCompile Include="src\alloc_space.c">
      <Filter>Source Files</Filter>
    </ClCompile>
    <ClCompile Include="src\batch_run.c">
      <Filter>Source Files</Filter>
    </ClCompile>
    <ClCompile Include="src\batch_run_functions.c">
      <Filter>Source Files</Filter>
    </ClCompile>
    <ClCompile Include="src\build_lists.c">
      <Filter>Source Files</Filter>
    </ClCompile>
    <ClCompile Include="src\call_modules.c">
      <Filter>Source Files</Filter>
    </ClCompile>
    <ClCompile Include="src\call_setdims.c">
      <Filter>Source Files</Filter>
    </ClCompile>
    <ClCompile Include="src\check_vars.c">
      <Filter>Source Files</Filter>
    </ClCompile>
    <ClCompile Include="src\control_addr.c">
      <Filter>Source Files</Filter>
    </ClCompile>
    <ClCompile Include="src\control_array.c">
      <Filter>Source Files</Filter>
    </ClCompile>
    <ClCompile Include="src\control_var.c">
      <Filter>Source Files</Filter>
    </ClCompile>
    <ClCompile Include="src\create_vstats.c">
      <Filter>Source Files</Filter>
    </ClCompile>
    <ClCompile Include="src\decl_control.c">
      <Filter>Source Files</Filter>
    </ClCompile>
    <ClCompile Include="src\decldim.c">
      <Filter>Source Files</Filter>
    </ClCompile>
    <ClCompile Include="src\declparam.c">
      <Filter>Source Files</Filter>
    </ClCompile>
    <ClCompile Include="src\declvar.c">
      <Filter>Source Files</Filter>
    </ClCompile>
    <ClCompile Include="src\dim_addr.c">
      <Filter>Source Files</Filter>
    </ClCompile>
    <ClCompile Include="src\dprint.c">
      <Filter>Source Files</Filter>
    </ClCompile>
    <ClCompile Include="src\free_vstats.c">
      <Filter>Source Files</Filter>
    </ClCompile>
    <ClCompile Include="src\get_elem_add.c">
      <Filter>Source Files</Filter>
    </ClCompile>
    <ClCompile Include="src\get_times.c">
      <Filter>Source Files</Filter>
    </ClCompile>
    <ClCompile Include="src\getdim.c">
      <Filter>Source Files</Filter>
    </ClCompile>
    <ClCompile Include="src\getdimname.c">
      <Filter>Source Files</Filter>
    </ClCompile>
    <ClCompile Include="src\getparam.c">
      <Filter>Source Files</Filter>
    </ClCompile>
    <ClCompile Include="src\getvar.c">
      <Filter>Source Files</Filter>
    </ClCompile>
    <ClCompile Include="src\graph_single_run.c">
      <Filter>Source Files</Filter>
    </ClCompile>
    <ClCompile Include="src\julconvert.c">
      <Filter>Source Files</Filter>
    </ClCompile>
    <ClCompile Include="src\julday.c">
      <Filter>Source Files</Filter>
    </ClCompile>
    <ClCompile Include="src\load_param.c">
      <Filter>Source Files</Filter>
    </ClCompile>
    <ClCompile Include="src\mmf.c">
      <Filter>Source Files</Filter>
    </ClCompile>
    <ClCompile Include="src\oprint.c">
      <Filter>Source Files</Filter>
    </ClCompile>
    <ClCompile Include="src\param_addr.c">
      <Filter>Source Files</Filter>
    </ClCompile>
    <ClCompile Include="src\parse_args.c">
      <Filter>Source Files</Filter>
    </ClCompile>
    <ClCompile Include="src\print_model_info.c">
      <Filter>Source Files</Filter>
    </ClCompile>
    <ClCompile Include="src\print_params.c">
      <Filter>Source Files</Filter>
    </ClCompile>
    <ClCompile Include="src\print_vars.c">
      <Filter>Source Files</Filter>
    </ClCompile>
    <ClCompile Include="src\putvar.c">
      <Filter>Source Files</Filter>
    </ClCompile>
    <ClCompile Include="src\read_control.c">
      <Filter>Source Files</Filter>
    </ClCompile>
    <ClCompile Include="src\read_datainfo.c">
      <Filter>Source Files</Filter>
    </ClCompile>
    <ClCompile Include="src\read_line.c">
      <Filter>Source Files</Filter>
    </ClCompile>
    <ClCompile Include="src\read_params.c">
      <Filter>Source Files</Filter>
    </ClCompile>
    <ClCompile Include="src\read_vars.c">
      <Filter>Source Files</Filter>
    </ClCompile>
    <ClCompile Include="src\readvar.c">
      <Filter>Source Files</Filter>
    </ClCompile>
    <ClCompile Include="src\reset_dim.c">
      <Filter>Source Files</Filter>
    </ClCompile>
    <ClCompile Include="src\save_params.c">
      <Filter>Source Files</Filter>
    </ClCompile>
    <ClCompile Include="src\save_vars.c">
      <Filter>Source Files</Filter>
    </ClCompile>
    <ClCompile Include="src\setup_cont.c">
      <Filter>Source Files</Filter>
    </ClCompile>
    <ClCompile Include="src\sort_dims.c">
      <Filter>Source Files</Filter>
    </ClCompile>
    <ClCompile Include="src\sort_params.c">
      <Filter>Source Files</Filter>
    </ClCompile>
    <ClCompile Include="src\sort_vars.c">
      <Filter>Source Files</Filter>
    </ClCompile>
    <ClCompile Include="src\stats.c">
      <Filter>Source Files</Filter>
    </ClCompile>
    <ClCompile Include="src\str_to_vals.c">
      <Filter>Source Files</Filter>
    </ClCompile>
    <ClCompile Include="src\timing.c">
      <Filter>Source Files</Filter>
    </ClCompile>
    <ClCompile Include="src\umalloc_etc.c">
      <Filter>Source Files</Filter>
    </ClCompile>
    <ClCompile Include="src\uprint.c">
      <Filter>Source Files</Filter>
    </ClCompile>
    <ClCompile Include="src\var_addr.c">
      <Filter>Source Files</Filter>
    </ClCompile>
    <ClCompile Include="src\write_vstats.c">
      <Filter>Source Files</Filter>
    </ClCompile>
  </ItemGroup>
  <ItemGroup>
    <ClInclude Include="src\defs.h">
      <Filter>Source Files</Filter>
    </ClInclude>
  </ItemGroup>
</Project>